// !$*UTF8*$!
{
	archiveVersion = 1;
	classes = {
	};
	objectVersion = 46;
	objects = {

/* Begin PBXBuildFile section */
		246F6E531365E19B0095F396 /* AsyncSSL.cpp in Sources */ = {isa = PBXBuildFile; fileRef = 248C1A88134FE3C200103E24 /* AsyncSSL.cpp */; };
		246F6E551365E19B0095F396 /* AsyncSocketEpoll.cpp in Sources */ = {isa = PBXBuildFile; fileRef = 24D43C65136095C300F992AD /* AsyncSocketEpoll.cpp */; };
		246F6E561365E19B0095F396 /* AsyncSocketKevent.cpp in Sources */ = {isa = PBXBuildFile; fileRef = 24D43C601360916100F992AD /* AsyncSocketKevent.cpp */; };
		246F6E581365E19B0095F396 /* AsyncSocketSelect.cpp in Sources */ = {isa = PBXBuildFile; fileRef = 24D43C5C13608FDB00F992AD /* AsyncSocketSelect.cpp */; };
		246F6E5A1365E19B0095F396 /* AsyncSocket.cpp in Sources */ = {isa = PBXBuildFile; fileRef = 24D43C621360921F00F992AD /* AsyncSocket.cpp */; };
		246F6E5D1365E19B0095F396 /* AsyncAddrInfo.cpp in Sources */ = {isa = PBXBuildFile; fileRef = 24931BC3133CB855006FE5B0 /* AsyncAddrInfo.cpp */; };
		246F6E5F1365E19B0095F396 /* AsyncNetInterface.cpp in Sources */ = {isa = PBXBuildFile; fileRef = 240F44A91349FDDE00541FA7 /* AsyncNetInterface.cpp */; };
		246F6E611365E19B0095F396 /* AsyncSecureSocket.cpp in Sources */ = {isa = PBXBuildFile; fileRef = 248C1A8B134FE42400103E24 /* AsyncSecureSocket.cpp */; };
		246F6E631365E19B0095F396 /* LogUtil.cpp in Sources */ = {isa = PBXBuildFile; fileRef = 24C5D3E9133A0E820017276F /* LogUtil.cpp */; };
		246F6E651365E19B0095F396 /* RunLoop.cpp in Sources */ = {isa = PBXBuildFile; fileRef = 24410A6A133250F50004C635 /* RunLoop.cpp */; };
		246F6E691365E19B0095F396 /* Timer.cpp in Sources */ = {isa = PBXBuildFile; fileRef = 24CBC13C133295F8000872C5 /* Timer.cpp */; };
		246F6E6F1365E19B0095F396 /* Data.cpp in Sources */ = {isa = PBXBuildFile; fileRef = 370A2766133A4E0400DA5950 /* Data.cpp */; };
		246F6E751365E19B0095F396 /* Thread.cpp in Sources */ = {isa = PBXBuildFile; fileRef = 24410A63133250E10004C635 /* Thread.cpp */; };
		246F6E7A1365E19B0095F396 /* POSIX.cpp in Sources */ = {isa = PBXBuildFile; fileRef = 24410A7B13325A010004C635 /* POSIX.cpp */; };
		246F6EB21365F66E0095F396 /* Tests.cpp in Sources */ = {isa = PBXBuildFile; fileRef = 24C5D3EC133A117C0017276F /* Tests.cpp */; };
		246F6EB31365F6740095F396 /* libcrap.a in Frameworks */ = {isa = PBXBuildFile; fileRef = 246F6E491365E12F0095F396 /* libcrap.a */; };
/* End PBXBuildFile section */

/* Begin PBXContainerItemProxy section */
		246F6EB41365F6780095F396 /* PBXContainerItemProxy */ = {
			isa = PBXContainerItemProxy;
			containerPortal = 24410A4C133250CC0004C635 /* Project object */;
			proxyType = 1;
			remoteGlobalIDString = 246F6E481365E12F0095F396;
			remoteInfo = crap;
		};
/* End PBXContainerItemProxy section */

/* Begin PBXCopyFilesBuildPhase section */
		246F6EA71365F6560095F396 /* CopyFiles */ = {
			isa = PBXCopyFilesBuildPhase;
			buildActionMask = 2147483647;
			dstPath = /usr/share/man/man1/;
			dstSubfolderSpec = 0;
			files = (
			);
			runOnlyForDeploymentPostprocessing = 1;
		};
/* End PBXCopyFilesBuildPhase section */

/* Begin PBXFileReference section */
		240F44A91349FDDE00541FA7 /* AsyncNetInterface.cpp */ = {isa = PBXFileReference; fileEncoding = 4; lastKnownFileType = sourcecode.cpp.cpp; path = AsyncNetInterface.cpp; sourceTree = "<group>"; };
		240F44AA1349FDDE00541FA7 /* AsyncNetInterface.h */ = {isa = PBXFileReference; fileEncoding = 4; lastKnownFileType = sourcecode.c.h; path = AsyncNetInterface.h; sourceTree = "<group>"; };
		2418D6881339098600116F34 /* Singleton.h */ = {isa = PBXFileReference; fileEncoding = 4; lastKnownFileType = sourcecode.c.h; path = Singleton.h; sourceTree = "<group>"; };
		24410A61133250E10004C635 /* Thread.h */ = {isa = PBXFileReference; fileEncoding = 4; lastKnownFileType = sourcecode.c.h; path = Thread.h; sourceTree = "<group>"; };
		24410A62133250E10004C635 /* ExclusiveGuard.h */ = {isa = PBXFileReference; fileEncoding = 4; lastKnownFileType = sourcecode.c.h; path = ExclusiveGuard.h; sourceTree = "<group>"; };
		24410A63133250E10004C635 /* Thread.cpp */ = {isa = PBXFileReference; fileEncoding = 4; lastKnownFileType = sourcecode.cpp.cpp; path = Thread.cpp; sourceTree = "<group>"; };
		24410A64133250E10004C635 /* Mutex.h */ = {isa = PBXFileReference; fileEncoding = 4; lastKnownFileType = sourcecode.c.h; path = Mutex.h; sourceTree = "<group>"; };
		24410A66133250F50004C635 /* Threads.h */ = {isa = PBXFileReference; fileEncoding = 4; lastKnownFileType = sourcecode.c.h; path = Threads.h; sourceTree = "<group>"; };
		24410A67133250F50004C635 /* Condition.h */ = {isa = PBXFileReference; fileEncoding = 4; lastKnownFileType = sourcecode.c.h; path = Condition.h; sourceTree = "<group>"; };
		24410A68133250F50004C635 /* WeakPtr.h */ = {isa = PBXFileReference; fileEncoding = 4; lastKnownFileType = sourcecode.c.h; path = WeakPtr.h; sourceTree = "<group>"; };
		24410A69133250F50004C635 /* SharedPtr.h */ = {isa = PBXFileReference; fileEncoding = 4; lastKnownFileType = sourcecode.c.h; path = SharedPtr.h; sourceTree = "<group>"; };
		24410A6A133250F50004C635 /* RunLoop.cpp */ = {isa = PBXFileReference; fileEncoding = 4; lastKnownFileType = sourcecode.cpp.cpp; path = RunLoop.cpp; sourceTree = "<group>"; };
		24410A6B133250F50004C635 /* AsyncFile.h */ = {isa = PBXFileReference; fileEncoding = 4; lastKnownFileType = sourcecode.c.h; path = AsyncFile.h; sourceTree = "<group>"; };
		24410A6C133250F50004C635 /* ActiveMsg.h */ = {isa = PBXFileReference; fileEncoding = 4; lastKnownFileType = sourcecode.c.h; path = ActiveMsg.h; sourceTree = "<group>"; };
		24410A6D133250F50004C635 /* RunLoop.h */ = {isa = PBXFileReference; fileEncoding = 4; lastKnownFileType = sourcecode.c.h; path = RunLoop.h; sourceTree = "<group>"; };
		24410A6E133250F50004C635 /* test.txt */ = {isa = PBXFileReference; fileEncoding = 4; lastKnownFileType = text; path = test.txt; sourceTree = "<group>"; };
		24410A7B13325A010004C635 /* POSIX.cpp */ = {isa = PBXFileReference; fileEncoding = 4; lastKnownFileType = sourcecode.cpp.cpp; path = POSIX.cpp; sourceTree = "<group>"; };
		246F6E491365E12F0095F396 /* libcrap.a */ = {isa = PBXFileReference; explicitFileType = archive.ar; includeInIndex = 0; path = libcrap.a; sourceTree = BUILT_PRODUCTS_DIR; };
		246F6EA91365F6560095F396 /* Tests */ = {isa = PBXFileReference; explicitFileType = "compiled.mach-o.executable"; includeInIndex = 0; path = Tests; sourceTree = BUILT_PRODUCTS_DIR; };
		246F6EAC1365F6560095F396 /* main.cpp */ = {isa = PBXFileReference; lastKnownFileType = sourcecode.cpp.cpp; path = main.cpp; sourceTree = "<group>"; };
		246F6EAE1365F6560095F396 /* Tests.1 */ = {isa = PBXFileReference; lastKnownFileType = text.man; path = Tests.1; sourceTree = "<group>"; };
		248C1A85134FE31B00103E24 /* SSLTests.h */ = {isa = PBXFileReference; fileEncoding = 4; lastKnownFileType = sourcecode.c.h; name = SSLTests.h; path = Tests/SSLTests.h; sourceTree = "<group>"; };
		248C1A88134FE3C200103E24 /* AsyncSSL.cpp */ = {isa = PBXFileReference; fileEncoding = 4; lastKnownFileType = sourcecode.cpp.cpp; path = AsyncSSL.cpp; sourceTree = "<group>"; };
		248C1A89134FE3C200103E24 /* AsyncSSL.h */ = {isa = PBXFileReference; fileEncoding = 4; lastKnownFileType = sourcecode.c.h; path = AsyncSSL.h; sourceTree = "<group>"; };
		248C1A8B134FE42400103E24 /* AsyncSecureSocket.cpp */ = {isa = PBXFileReference; fileEncoding = 4; lastKnownFileType = sourcecode.cpp.cpp; path = AsyncSecureSocket.cpp; sourceTree = "<group>"; };
		248C1A8C134FE42400103E24 /* AsyncSecureSocket.h */ = {isa = PBXFileReference; fileEncoding = 4; lastKnownFileType = sourcecode.c.h; path = AsyncSecureSocket.h; sourceTree = "<group>"; };
		248C1A8E134FEB6100103E24 /* server.pem */ = {isa = PBXFileReference; fileEncoding = 4; lastKnownFileType = text; path = server.pem; sourceTree = "<group>"; };
		24931BC1133BBCCC006FE5B0 /* StaticRefCounted.h */ = {isa = PBXFileReference; fileEncoding = 4; lastKnownFileType = sourcecode.c.h; path = StaticRefCounted.h; sourceTree = "<group>"; };
		24931BC2133CB855006FE5B0 /* AsyncAddrInfo.h */ = {isa = PBXFileReference; fileEncoding = 4; lastKnownFileType = sourcecode.c.h; path = AsyncAddrInfo.h; sourceTree = "<group>"; };
		24931BC3133CB855006FE5B0 /* AsyncAddrInfo.cpp */ = {isa = PBXFileReference; fileEncoding = 4; lastKnownFileType = sourcecode.cpp.cpp; path = AsyncAddrInfo.cpp; sourceTree = "<group>"; };
		24A184A3133A623B00B6C356 /* DataTests.h */ = {isa = PBXFileReference; fileEncoding = 4; lastKnownFileType = sourcecode.c.h; name = DataTests.h; path = Tests/DataTests.h; sourceTree = "<group>"; };
		24C5D3E6133A0DEC0017276F /* SimpleUnit.h */ = {isa = PBXFileReference; fileEncoding = 4; lastKnownFileType = sourcecode.c.h; path = SimpleUnit.h; sourceTree = "<group>"; };
		24C5D3E8133A0E820017276F /* LogUtil.h */ = {isa = PBXFileReference; fileEncoding = 4; lastKnownFileType = sourcecode.c.h; path = LogUtil.h; sourceTree = "<group>"; };
		24C5D3E9133A0E820017276F /* LogUtil.cpp */ = {isa = PBXFileReference; fileEncoding = 4; lastKnownFileType = sourcecode.cpp.cpp; path = LogUtil.cpp; sourceTree = "<group>"; };
		24C5D3EC133A117C0017276F /* Tests.cpp */ = {isa = PBXFileReference; fileEncoding = 4; lastKnownFileType = sourcecode.cpp.cpp; name = Tests.cpp; path = Tests/Tests.cpp; sourceTree = "<group>"; };
		24C5D3EF133A11BD0017276F /* Tests.h */ = {isa = PBXFileReference; fileEncoding = 4; lastKnownFileType = sourcecode.c.h; name = Tests.h; path = Tests/Tests.h; sourceTree = "<group>"; };
		24C5D3F1133A15B70017276F /* MemoryTests.h */ = {isa = PBXFileReference; fileEncoding = 4; lastKnownFileType = sourcecode.c.h; name = MemoryTests.h; path = Tests/MemoryTests.h; sourceTree = "<group>"; };
		24C5D3F2133A17810017276F /* RunLoopTests.h */ = {isa = PBXFileReference; fileEncoding = 4; lastKnownFileType = sourcecode.c.h; name = RunLoopTests.h; path = Tests/RunLoopTests.h; sourceTree = "<group>"; };
		24C5D3F3133A243E0017276F /* AsyncSocket.h */ = {isa = PBXFileReference; fileEncoding = 4; lastKnownFileType = sourcecode.c.h; path = AsyncSocket.h; sourceTree = "<group>"; };
		24C5D3F4133A486A0017276F /* SocketTests.h */ = {isa = PBXFileReference; fileEncoding = 4; lastKnownFileType = sourcecode.c.h; name = SocketTests.h; path = Tests/SocketTests.h; sourceTree = "<group>"; };
		24CBC13A13328AAF000872C5 /* Timer.h */ = {isa = PBXFileReference; fileEncoding = 4; lastKnownFileType = sourcecode.c.h; path = Timer.h; sourceTree = "<group>"; };
		24CBC13C133295F8000872C5 /* Timer.cpp */ = {isa = PBXFileReference; fileEncoding = 4; lastKnownFileType = sourcecode.cpp.cpp; path = Timer.cpp; sourceTree = "<group>"; };
		24CBC13E13329B6E000872C5 /* Timing.h */ = {isa = PBXFileReference; fileEncoding = 4; lastKnownFileType = sourcecode.c.h; path = Timing.h; sourceTree = "<group>"; };
		24CBC13F13329EFB000872C5 /* Compare.h */ = {isa = PBXFileReference; fileEncoding = 4; lastKnownFileType = sourcecode.c.h; path = Compare.h; sourceTree = "<group>"; };
		24D43C5C13608FDB00F992AD /* AsyncSocketSelect.cpp */ = {isa = PBXFileReference; fileEncoding = 4; lastKnownFileType = sourcecode.cpp.cpp; path = AsyncSocketSelect.cpp; sourceTree = "<group>"; };
		24D43C5D13608FDB00F992AD /* AsyncSocketSelect.h */ = {isa = PBXFileReference; fileEncoding = 4; lastKnownFileType = sourcecode.c.h; path = AsyncSocketSelect.h; sourceTree = "<group>"; };
		24D43C5F1360916100F992AD /* AsyncSocketKevent.h */ = {isa = PBXFileReference; fileEncoding = 4; lastKnownFileType = sourcecode.c.h; path = AsyncSocketKevent.h; sourceTree = "<group>"; };
		24D43C601360916100F992AD /* AsyncSocketKevent.cpp */ = {isa = PBXFileReference; fileEncoding = 4; lastKnownFileType = sourcecode.cpp.cpp; path = AsyncSocketKevent.cpp; sourceTree = "<group>"; };
		24D43C621360921F00F992AD /* AsyncSocket.cpp */ = {isa = PBXFileReference; fileEncoding = 4; lastKnownFileType = sourcecode.cpp.cpp; path = AsyncSocket.cpp; sourceTree = "<group>"; };
		24D43C64136095C300F992AD /* AsyncSocketEpoll.h */ = {isa = PBXFileReference; fileEncoding = 4; lastKnownFileType = sourcecode.c.h; path = AsyncSocketEpoll.h; sourceTree = "<group>"; };
		24D43C65136095C300F992AD /* AsyncSocketEpoll.cpp */ = {isa = PBXFileReference; fileEncoding = 4; lastKnownFileType = sourcecode.cpp.cpp; path = AsyncSocketEpoll.cpp; sourceTree = "<group>"; };
		24DA6E9F1332EBB10078CE4A /* TLS.h */ = {isa = PBXFileReference; fileEncoding = 4; lastKnownFileType = sourcecode.c.h; path = TLS.h; sourceTree = "<group>"; };
		24F210551365CDF60037AC58 /* FileTests.h */ = {isa = PBXFileReference; fileEncoding = 4; lastKnownFileType = sourcecode.c.h; name = FileTests.h; path = Tests/FileTests.h; sourceTree = "<group>"; };
		370A2766133A4E0400DA5950 /* Data.cpp */ = {isa = PBXFileReference; fileEncoding = 4; lastKnownFileType = sourcecode.cpp.cpp; path = Data.cpp; sourceTree = "<group>"; };
		370A2767133A4E0400DA5950 /* Data.h */ = {isa = PBXFileReference; fileEncoding = 4; lastKnownFileType = sourcecode.c.h; path = Data.h; sourceTree = "<group>"; };
		370A276A133A4E5300DA5950 /* nocopy.h */ = {isa = PBXFileReference; fileEncoding = 4; lastKnownFileType = sourcecode.c.h; path = nocopy.h; sourceTree = "<group>"; };
/* End PBXFileReference section */

/* Begin PBXFrameworksBuildPhase section */
		246F6E461365E12F0095F396 /* Frameworks */ = {
			isa = PBXFrameworksBuildPhase;
			buildActionMask = 2147483647;
			files = (
			);
			runOnlyForDeploymentPostprocessing = 0;
		};
		246F6EA61365F6560095F396 /* Frameworks */ = {
			isa = PBXFrameworksBuildPhase;
			buildActionMask = 2147483647;
			files = (
				246F6EB31365F6740095F396 /* libcrap.a in Frameworks */,
			);
			runOnlyForDeploymentPostprocessing = 0;
		};
/* End PBXFrameworksBuildPhase section */

/* Begin PBXGroup section */
		240F44A71349FD9C00541FA7 /* Network */ = {
			isa = PBXGroup;
			children = (
				24D43C64136095C300F992AD /* AsyncSocketEpoll.h */,
				24D43C65136095C300F992AD /* AsyncSocketEpoll.cpp */,
				24D43C5F1360916100F992AD /* AsyncSocketKevent.h */,
				24D43C601360916100F992AD /* AsyncSocketKevent.cpp */,
				24D43C5C13608FDB00F992AD /* AsyncSocketSelect.cpp */,
				24D43C5D13608FDB00F992AD /* AsyncSocketSelect.h */,
				24D43C621360921F00F992AD /* AsyncSocket.cpp */,
				24C5D3F3133A243E0017276F /* AsyncSocket.h */,
				24931BC2133CB855006FE5B0 /* AsyncAddrInfo.h */,
				24931BC3133CB855006FE5B0 /* AsyncAddrInfo.cpp */,
				240F44AA1349FDDE00541FA7 /* AsyncNetInterface.h */,
				240F44A91349FDDE00541FA7 /* AsyncNetInterface.cpp */,
				248C1A8C134FE42400103E24 /* AsyncSecureSocket.h */,
				248C1A8B134FE42400103E24 /* AsyncSecureSocket.cpp */,
			);
			name = Network;
			sourceTree = "<group>";
		};
		24410A4A133250CC0004C635 = {
			isa = PBXGroup;
			children = (
				246F6E491365E12F0095F396 /* libcrap.a */,
				24410A58133250CC0004C635 /* craplib */,
				246F6EAB1365F6560095F396 /* Tests */,
				24410A56133250CC0004C635 /* Products */,
			);
			sourceTree = "<group>";
		};
		24410A56133250CC0004C635 /* Products */ = {
			isa = PBXGroup;
			children = (
				246F6EA91365F6560095F396 /* Tests */,
			);
			name = Products;
			sourceTree = "<group>";
		};
		24410A58133250CC0004C635 /* craplib */ = {
			isa = PBXGroup;
			children = (
				24C5D3EB133A10F20017276F /* Tests */,
				24410A73133251390004C635 /* Source */,
				24410A7B13325A010004C635 /* POSIX.cpp */,
				24410A721332512C0004C635 /* Resources */,
			);
			name = craplib;
			path = ../../craplib;
			sourceTree = "<group>";
		};
		24410A721332512C0004C635 /* Resources */ = {
			isa = PBXGroup;
			children = (
				248C1A8E134FEB6100103E24 /* server.pem */,
				24410A6E133250F50004C635 /* test.txt */,
			);
			name = Resources;
			sourceTree = "<group>";
		};
		24410A73133251390004C635 /* Source */ = {
			isa = PBXGroup;
			children = (
				24F210521365BD300037AC58 /* Files */,
				248C1A87134FE3A000103E24 /* Crypto */,
				240F44A71349FD9C00541FA7 /* Network */,
				24C5D3E7133A0E700017276F /* Logging */,
				24C5D3E3133A0D730017276F /* UnitTests */,
				24410A761332517C0004C635 /* Runloop */,
				24410A75133251670004C635 /* Memory */,
				24410A74133251470004C635 /* Threading */,
			);
			name = Source;
			sourceTree = "<group>";
		};
		24410A74133251470004C635 /* Threading */ = {
			isa = PBXGroup;
			children = (
				24410A66133250F50004C635 /* Threads.h */,
				24410A61133250E10004C635 /* Thread.h */,
				24410A63133250E10004C635 /* Thread.cpp */,
				24410A62133250E10004C635 /* ExclusiveGuard.h */,
				24410A67133250F50004C635 /* Condition.h */,
				24410A64133250E10004C635 /* Mutex.h */,
				24DA6E9F1332EBB10078CE4A /* TLS.h */,
			);
			name = Threading;
			sourceTree = "<group>";
		};
		24410A75133251670004C635 /* Memory */ = {
			isa = PBXGroup;
			children = (
				24410A68133250F50004C635 /* WeakPtr.h */,
				24410A69133250F50004C635 /* SharedPtr.h */,
				24CBC13F13329EFB000872C5 /* Compare.h */,
				2418D6881339098600116F34 /* Singleton.h */,
				370A2766133A4E0400DA5950 /* Data.cpp */,
				370A2767133A4E0400DA5950 /* Data.h */,
				370A276A133A4E5300DA5950 /* nocopy.h */,
				24931BC1133BBCCC006FE5B0 /* StaticRefCounted.h */,
			);
			name = Memory;
			sourceTree = "<group>";
		};
		24410A761332517C0004C635 /* Runloop */ = {
			isa = PBXGroup;
			children = (
				24410A6A133250F50004C635 /* RunLoop.cpp */,
				24410A6D133250F50004C635 /* RunLoop.h */,
				24410A6C133250F50004C635 /* ActiveMsg.h */,
				24CBC13A13328AAF000872C5 /* Timer.h */,
				24CBC13C133295F8000872C5 /* Timer.cpp */,
				24CBC13E13329B6E000872C5 /* Timing.h */,
			);
			name = Runloop;
			sourceTree = "<group>";
		};
		246F6EAB1365F6560095F396 /* Tests */ = {
			isa = PBXGroup;
			children = (
				246F6EAC1365F6560095F396 /* main.cpp */,
				246F6EAE1365F6560095F396 /* Tests.1 */,
			);
			path = Tests;
			sourceTree = "<group>";
		};
		248C1A87134FE3A000103E24 /* Crypto */ = {
			isa = PBXGroup;
			children = (
				248C1A89134FE3C200103E24 /* AsyncSSL.h */,
				248C1A88134FE3C200103E24 /* AsyncSSL.cpp */,
			);
			name = Crypto;
			sourceTree = "<group>";
		};
		24C5D3E3133A0D730017276F /* UnitTests */ = {
			isa = PBXGroup;
			children = (
				24C5D3E6133A0DEC0017276F /* SimpleUnit.h */,
			);
			name = UnitTests;
			sourceTree = "<group>";
		};
		24C5D3E7133A0E700017276F /* Logging */ = {
			isa = PBXGroup;
			children = (
				24C5D3E8133A0E820017276F /* LogUtil.h */,
				24C5D3E9133A0E820017276F /* LogUtil.cpp */,
			);
			name = Logging;
			sourceTree = "<group>";
		};
		24C5D3EB133A10F20017276F /* Tests */ = {
			isa = PBXGroup;
			children = (
				24F210551365CDF60037AC58 /* FileTests.h */,
				24C5D3F1133A15B70017276F /* MemoryTests.h */,
				24C5D3F2133A17810017276F /* RunLoopTests.h */,
				24A184A3133A623B00B6C356 /* DataTests.h */,
				24C5D3F4133A486A0017276F /* SocketTests.h */,
				248C1A85134FE31B00103E24 /* SSLTests.h */,
				24C5D3EF133A11BD0017276F /* Tests.h */,
				24C5D3EC133A117C0017276F /* Tests.cpp */,
			);
			name = Tests;
			sourceTree = "<group>";
		};
		24F210521365BD300037AC58 /* Files */ = {
			isa = PBXGroup;
			children = (
				24410A6B133250F50004C635 /* AsyncFile.h */,
			);
			name = Files;
			sourceTree = "<group>";
		};
/* End PBXGroup section */

/* Begin PBXHeadersBuildPhase section */
		246F6E471365E12F0095F396 /* Headers */ = {
			isa = PBXHeadersBuildPhase;
			buildActionMask = 2147483647;
			files = (
			);
			runOnlyForDeploymentPostprocessing = 0;
		};
/* End PBXHeadersBuildPhase section */

/* Begin PBXNativeTarget section */
		246F6E481365E12F0095F396 /* crap */ = {
			isa = PBXNativeTarget;
			buildConfigurationList = 246F6E4C1365E12F0095F396 /* Build configuration list for PBXNativeTarget "crap" */;
			buildPhases = (
				246F6E451365E12F0095F396 /* Sources */,
				246F6E461365E12F0095F396 /* Frameworks */,
				246F6E471365E12F0095F396 /* Headers */,
			);
			buildRules = (
			);
			dependencies = (
			);
			name = crap;
			productName = crap;
			productReference = 246F6E491365E12F0095F396 /* libcrap.a */;
			productType = "com.apple.product-type.library.static";
		};
		246F6EA81365F6560095F396 /* Tests */ = {
			isa = PBXNativeTarget;
			buildConfigurationList = 246F6EAF1365F6560095F396 /* Build configuration list for PBXNativeTarget "Tests" */;
			buildPhases = (
				246F6EA51365F6560095F396 /* Sources */,
				246F6EA61365F6560095F396 /* Frameworks */,
				246F6EA71365F6560095F396 /* CopyFiles */,
			);
			buildRules = (
			);
			dependencies = (
				246F6EB51365F6780095F396 /* PBXTargetDependency */,
			);
			name = Tests;
			productName = Tests;
			productReference = 246F6EA91365F6560095F396 /* Tests */;
			productType = "com.apple.product-type.tool";
		};
/* End PBXNativeTarget section */

/* Begin PBXProject section */
		24410A4C133250CC0004C635 /* Project object */ = {
			isa = PBXProject;
			buildConfigurationList = 24410A4F133250CC0004C635 /* Build configuration list for PBXProject "craplib" */;
			compatibilityVersion = "Xcode 3.2";
			developmentRegion = English;
			hasScannedForEncodings = 0;
			knownRegions = (
				en,
			);
			mainGroup = 24410A4A133250CC0004C635;
			productRefGroup = 24410A56133250CC0004C635 /* Products */;
			projectDirPath = "";
			projectRoot = "";
			targets = (
				246F6E481365E12F0095F396 /* crap */,
				246F6EA81365F6560095F396 /* Tests */,
			);
		};
/* End PBXProject section */

/* Begin PBXSourcesBuildPhase section */
		246F6E451365E12F0095F396 /* Sources */ = {
			isa = PBXSourcesBuildPhase;
			buildActionMask = 2147483647;
			files = (
				246F6E531365E19B0095F396 /* AsyncSSL.cpp in Sources */,
				246F6E551365E19B0095F396 /* AsyncSocketEpoll.cpp in Sources */,
				246F6E561365E19B0095F396 /* AsyncSocketKevent.cpp in Sources */,
				246F6E581365E19B0095F396 /* AsyncSocketSelect.cpp in Sources */,
				246F6E5A1365E19B0095F396 /* AsyncSocket.cpp in Sources */,
				246F6E5D1365E19B0095F396 /* AsyncAddrInfo.cpp in Sources */,
				246F6E5F1365E19B0095F396 /* AsyncNetInterface.cpp in Sources */,
				246F6E611365E19B0095F396 /* AsyncSecureSocket.cpp in Sources */,
				246F6E631365E19B0095F396 /* LogUtil.cpp in Sources */,
				246F6E651365E19B0095F396 /* RunLoop.cpp in Sources */,
				246F6E691365E19B0095F396 /* Timer.cpp in Sources */,
				246F6E6F1365E19B0095F396 /* Data.cpp in Sources */,
				246F6E751365E19B0095F396 /* Thread.cpp in Sources */,
				246F6E7A1365E19B0095F396 /* POSIX.cpp in Sources */,
			);
			runOnlyForDeploymentPostprocessing = 0;
		};
		246F6EA51365F6560095F396 /* Sources */ = {
			isa = PBXSourcesBuildPhase;
			buildActionMask = 2147483647;
			files = (
				246F6EB21365F66E0095F396 /* Tests.cpp in Sources */,
			);
			runOnlyForDeploymentPostprocessing = 0;
		};
/* End PBXSourcesBuildPhase section */

/* Begin PBXTargetDependency section */
		246F6EB51365F6780095F396 /* PBXTargetDependency */ = {
			isa = PBXTargetDependency;
			target = 246F6E481365E12F0095F396 /* crap */;
			targetProxy = 246F6EB41365F6780095F396 /* PBXContainerItemProxy */;
		};
/* End PBXTargetDependency section */

/* Begin XCBuildConfiguration section */
		24410A5C133250CC0004C635 /* Debug */ = {
			isa = XCBuildConfiguration;
			buildSettings = {
				ARCHS = "$(ARCHS_STANDARD_32_64_BIT)";
				GCC_C_LANGUAGE_STANDARD = gnu99;
				GCC_OPTIMIZATION_LEVEL = 0;
				GCC_PREPROCESSOR_DEFINITIONS = DEBUG;
				GCC_SYMBOLS_PRIVATE_EXTERN = NO;
				GCC_VERSION = com.apple.compilers.llvm.clang.1_0;
				GCC_WARN_64_TO_32_BIT_CONVERSION = YES;
				GCC_WARN_ABOUT_RETURN_TYPE = YES;
				GCC_WARN_UNUSED_VARIABLE = YES;
				MACOSX_DEPLOYMENT_TARGET = 10.6;
				ONLY_ACTIVE_ARCH = YES;
				OTHER_CFLAGS = "";
				SDKROOT = macosx;
			};
			name = Debug;
		};
		24410A5D133250CC0004C635 /* Release */ = {
			isa = XCBuildConfiguration;
			buildSettings = {
				ARCHS = "$(ARCHS_STANDARD_32_64_BIT)";
				GCC_C_LANGUAGE_STANDARD = gnu99;
				GCC_VERSION = com.apple.compilers.llvm.clang.1_0;
				GCC_WARN_64_TO_32_BIT_CONVERSION = YES;
				GCC_WARN_ABOUT_RETURN_TYPE = YES;
				GCC_WARN_UNUSED_VARIABLE = YES;
				MACOSX_DEPLOYMENT_TARGET = 10.6;
				OTHER_CFLAGS = "";
				SDKROOT = macosx;
			};
			name = Release;
		};
		246F6E4A1365E12F0095F396 /* Debug */ = {
			isa = XCBuildConfiguration;
			buildSettings = {
				ALWAYS_SEARCH_USER_PATHS = NO;
				COPY_PHASE_STRIP = NO;
				EXECUTABLE_PREFIX = lib;
				GCC_DYNAMIC_NO_PIC = NO;
				GCC_ENABLE_OBJC_EXCEPTIONS = YES;
				PRODUCT_NAME = "$(TARGET_NAME)";
			};
			name = Debug;
		};
		246F6E4B1365E12F0095F396 /* Release */ = {
			isa = XCBuildConfiguration;
			buildSettings = {
				ALWAYS_SEARCH_USER_PATHS = NO;
				COPY_PHASE_STRIP = YES;
				DEBUG_INFORMATION_FORMAT = "dwarf-with-dsym";
				EXECUTABLE_PREFIX = lib;
				GCC_ENABLE_OBJC_EXCEPTIONS = YES;
				PRODUCT_NAME = "$(TARGET_NAME)";
			};
			name = Release;
		};
		246F6EB01365F6560095F396 /* Debug */ = {
			isa = XCBuildConfiguration;
			buildSettings = {
				ALWAYS_SEARCH_USER_PATHS = NO;
				COPY_PHASE_STRIP = NO;
				GCC_DYNAMIC_NO_PIC = NO;
				GCC_ENABLE_OBJC_EXCEPTIONS = YES;
				PRODUCT_NAME = "$(TARGET_NAME)";
			};
			name = Debug;
		};
		246F6EB11365F6560095F396 /* Release */ = {
			isa = XCBuildConfiguration;
			buildSettings = {
				ALWAYS_SEARCH_USER_PATHS = NO;
				COPY_PHASE_STRIP = YES;
				DEBUG_INFORMATION_FORMAT = "dwarf-with-dsym";
				GCC_ENABLE_OBJC_EXCEPTIONS = YES;
				PRODUCT_NAME = "$(TARGET_NAME)";
			};
			name = Release;
		};
/* End XCBuildConfiguration section */

/* Begin XCConfigurationList section */
		24410A4F133250CC0004C635 /* Build configuration list for PBXProject "craplib" */ = {
			isa = XCConfigurationList;
			buildConfigurations = (
				24410A5C133250CC0004C635 /* Debug */,
				24410A5D133250CC0004C635 /* Release */,
			);
			defaultConfigurationIsVisible = 0;
			defaultConfigurationName = Debug;
		};
		246F6E4C1365E12F0095F396 /* Build configuration list for PBXNativeTarget "crap" */ = {
			isa = XCConfigurationList;
			buildConfigurations = (
				246F6E4A1365E12F0095F396 /* Debug */,
				246F6E4B1365E12F0095F396 /* Release */,
			);
			defaultConfigurationIsVisible = 0;
			defaultConfigurationName = Debug;
		};
		246F6EAF1365F6560095F396 /* Build configuration list for PBXNativeTarget "Tests" */ = {
			isa = XCConfigurationList;
			buildConfigurations = (
				246F6EB01365F6560095F396 /* Debug */,
				246F6EB11365F6560095F396 /* Release */,
			);
			defaultConfigurationIsVisible = 0;
			defaultConfigurationName = Debug;
		};
/* End XCConfigurationList section */
	};
	rootObject = 24410A4C133250CC0004C635 /* Project object */;
}
